// !$*UTF8*$!
{
	archiveVersion = 1;
	classes = {
	};
	objectVersion = 51;
	objects = {

/* Begin PBXBuildFile section */
		A11DFB57247664F700DD045B /* SiginupData.swift in Sources */ = {isa = PBXBuildFile; fileRef = A11DFB56247664F700DD045B /* SiginupData.swift */; };
		A15D955F244AE64C0039335E /* AppDelegate.swift in Sources */ = {isa = PBXBuildFile; fileRef = A15D955E244AE64C0039335E /* AppDelegate.swift */; };
		A15D9561244AE64C0039335E /* SceneDelegate.swift in Sources */ = {isa = PBXBuildFile; fileRef = A15D9560244AE64C0039335E /* SceneDelegate.swift */; };
		A15D9563244AE64C0039335E /* ViewController.swift in Sources */ = {isa = PBXBuildFile; fileRef = A15D9562244AE64C0039335E /* ViewController.swift */; };
		A15D9566244AE64C0039335E /* Main.storyboard in Resources */ = {isa = PBXBuildFile; fileRef = A15D9564244AE64C0039335E /* Main.storyboard */; };
		A15D9568244AE64D0039335E /* Assets.xcassets in Resources */ = {isa = PBXBuildFile; fileRef = A15D9567244AE64D0039335E /* Assets.xcassets */; };
		A15D956B244AE64D0039335E /* LaunchScreen.storyboard in Resources */ = {isa = PBXBuildFile; fileRef = A15D9569244AE64D0039335E /* LaunchScreen.storyboard */; };
		A15D9573244AF21F0039335E /* LoginViewController.swift in Sources */ = {isa = PBXBuildFile; fileRef = A15D9572244AF21F0039335E /* LoginViewController.swift */; };
		A15D9575244B06AF0039335E /* ApplyViewController.swift in Sources */ = {isa = PBXBuildFile; fileRef = A15D9574244B06AF0039335E /* ApplyViewController.swift */; };
		A15F73D8246E53670022C3CC /* FriendViewController.swift in Sources */ = {isa = PBXBuildFile; fileRef = A15F73D7246E53670022C3CC /* FriendViewController.swift */; };
		A15F73DA246E59CD0022C3CC /* MyProfileCell.swift in Sources */ = {isa = PBXBuildFile; fileRef = A15F73D9246E59CD0022C3CC /* MyProfileCell.swift */; };
		A15F73DC246E59E80022C3CC /* FriendProfileCell.swift in Sources */ = {isa = PBXBuildFile; fileRef = A15F73DB246E59E80022C3CC /* FriendProfileCell.swift */; };
		A15F73DE246E5B3E0022C3CC /* Friends.swift in Sources */ = {isa = PBXBuildFile; fileRef = A15F73DD246E5B3E0022C3CC /* Friends.swift */; };
		A15F73E0246E5BA70022C3CC /* MyProfile.swift in Sources */ = {isa = PBXBuildFile; fileRef = A15F73DF246E5BA70022C3CC /* MyProfile.swift */; };
		A15F73E8246E66A20022C3CC /* TopViewCell.swift in Sources */ = {isa = PBXBuildFile; fileRef = A15F73E7246E66A20022C3CC /* TopViewCell.swift */; };
		A161227B245BB6F6001D2C9F /* OursoptViewController.swift in Sources */ = {isa = PBXBuildFile; fileRef = A161227A245BB6F6001D2C9F /* OursoptViewController.swift */; };
		A1855C16245068DC0027F0EB /* CustomButton.swift in Sources */ = {isa = PBXBuildFile; fileRef = A1855C15245068DC0027F0EB /* CustomButton.swift */; };
		A19F1BD4246FBC7B003FCEE7 /* APIConstants.swift in Sources */ = {isa = PBXBuildFile; fileRef = A19F1BD3246FBC7B003FCEE7 /* APIConstants.swift */; };
		A19F1BD6246FBD13003FCEE7 /* SigninData.swift in Sources */ = {isa = PBXBuildFile; fileRef = A19F1BD5246FBD13003FCEE7 /* SigninData.swift */; };
		A19F1BD9246FBDDD003FCEE7 /* NetworkResult.swift in Sources */ = {isa = PBXBuildFile; fileRef = A19F1BD8246FBDDD003FCEE7 /* NetworkResult.swift */; };
		A19F1BDB246FBE91003FCEE7 /* LoginService.swift in Sources */ = {isa = PBXBuildFile; fileRef = A19F1BDA246FBE91003FCEE7 /* LoginService.swift */; };
		A19F1BDF246FD1BA003FCEE7 /* SignupService.swift in Sources */ = {isa = PBXBuildFile; fileRef = A19F1BDE246FD1BA003FCEE7 /* SignupService.swift */; };
		B0C9FFCB730E83AF7572C545 /* Pods_SOPT_Assignment.framework in Frameworks */ = {isa = PBXBuildFile; fileRef = 5A4956902DEF86CB4D9035E2 /* Pods_SOPT_Assignment.framework */; };
/* End PBXBuildFile section */

/* Begin PBXFileReference section */
		00A794CB58D0205EC4B9BE99 /* Pods-SOPT_Assignment.release.xcconfig */ = {isa = PBXFileReference; includeInIndex = 1; lastKnownFileType = text.xcconfig; name = "Pods-SOPT_Assignment.release.xcconfig"; path = "Target Support Files/Pods-SOPT_Assignment/Pods-SOPT_Assignment.release.xcconfig"; sourceTree = "<group>"; };
		5A4956902DEF86CB4D9035E2 /* Pods_SOPT_Assignment.framework */ = {isa = PBXFileReference; explicitFileType = wrapper.framework; includeInIndex = 0; path = Pods_SOPT_Assignment.framework; sourceTree = BUILT_PRODUCTS_DIR; };
		A11DFB56247664F700DD045B /* SiginupData.swift */ = {isa = PBXFileReference; lastKnownFileType = sourcecode.swift; path = SiginupData.swift; sourceTree = "<group>"; };
		A15D955B244AE64C0039335E /* SOPT_Assignment.app */ = {isa = PBXFileReference; explicitFileType = wrapper.application; includeInIndex = 0; path = SOPT_Assignment.app; sourceTree = BUILT_PRODUCTS_DIR; };
		A15D955E244AE64C0039335E /* AppDelegate.swift */ = {isa = PBXFileReference; lastKnownFileType = sourcecode.swift; path = AppDelegate.swift; sourceTree = "<group>"; };
		A15D9560244AE64C0039335E /* SceneDelegate.swift */ = {isa = PBXFileReference; lastKnownFileType = sourcecode.swift; path = SceneDelegate.swift; sourceTree = "<group>"; };
		A15D9562244AE64C0039335E /* ViewController.swift */ = {isa = PBXFileReference; lastKnownFileType = sourcecode.swift; path = ViewController.swift; sourceTree = "<group>"; };
		A15D9565244AE64C0039335E /* Base */ = {isa = PBXFileReference; lastKnownFileType = file.storyboard; name = Base; path = Base.lproj/Main.storyboard; sourceTree = "<group>"; };
		A15D9567244AE64D0039335E /* Assets.xcassets */ = {isa = PBXFileReference; lastKnownFileType = folder.assetcatalog; path = Assets.xcassets; sourceTree = "<group>"; };
		A15D956A244AE64D0039335E /* Base */ = {isa = PBXFileReference; lastKnownFileType = file.storyboard; name = Base; path = Base.lproj/LaunchScreen.storyboard; sourceTree = "<group>"; };
		A15D956C244AE64D0039335E /* Info.plist */ = {isa = PBXFileReference; lastKnownFileType = text.plist.xml; path = Info.plist; sourceTree = "<group>"; };
		A15D9572244AF21F0039335E /* LoginViewController.swift */ = {isa = PBXFileReference; lastKnownFileType = sourcecode.swift; path = LoginViewController.swift; sourceTree = "<group>"; };
		A15D9574244B06AF0039335E /* ApplyViewController.swift */ = {isa = PBXFileReference; lastKnownFileType = sourcecode.swift; path = ApplyViewController.swift; sourceTree = "<group>"; };
		A15F73D7246E53670022C3CC /* FriendViewController.swift */ = {isa = PBXFileReference; lastKnownFileType = sourcecode.swift; path = FriendViewController.swift; sourceTree = "<group>"; };
		A15F73D9246E59CD0022C3CC /* MyProfileCell.swift */ = {isa = PBXFileReference; lastKnownFileType = sourcecode.swift; path = MyProfileCell.swift; sourceTree = "<group>"; };
		A15F73DB246E59E80022C3CC /* FriendProfileCell.swift */ = {isa = PBXFileReference; lastKnownFileType = sourcecode.swift; path = FriendProfileCell.swift; sourceTree = "<group>"; };
		A15F73DD246E5B3E0022C3CC /* Friends.swift */ = {isa = PBXFileReference; lastKnownFileType = sourcecode.swift; path = Friends.swift; sourceTree = "<group>"; };
		A15F73DF246E5BA70022C3CC /* MyProfile.swift */ = {isa = PBXFileReference; lastKnownFileType = sourcecode.swift; path = MyProfile.swift; sourceTree = "<group>"; };
		A15F73E7246E66A20022C3CC /* TopViewCell.swift */ = {isa = PBXFileReference; lastKnownFileType = sourcecode.swift; path = TopViewCell.swift; sourceTree = "<group>"; };
		A161227A245BB6F6001D2C9F /* OursoptViewController.swift */ = {isa = PBXFileReference; lastKnownFileType = sourcecode.swift; path = OursoptViewController.swift; sourceTree = "<group>"; };
		A1855C15245068DC0027F0EB /* CustomButton.swift */ = {isa = PBXFileReference; lastKnownFileType = sourcecode.swift; path = CustomButton.swift; sourceTree = "<group>"; };
		A19F1BD3246FBC7B003FCEE7 /* APIConstants.swift */ = {isa = PBXFileReference; lastKnownFileType = sourcecode.swift; path = APIConstants.swift; sourceTree = "<group>"; };
		A19F1BD5246FBD13003FCEE7 /* SigninData.swift */ = {isa = PBXFileReference; lastKnownFileType = sourcecode.swift; path = SigninData.swift; sourceTree = "<group>"; };
		A19F1BD8246FBDDD003FCEE7 /* NetworkResult.swift */ = {isa = PBXFileReference; lastKnownFileType = sourcecode.swift; path = NetworkResult.swift; sourceTree = "<group>"; };
		A19F1BDA246FBE91003FCEE7 /* LoginService.swift */ = {isa = PBXFileReference; lastKnownFileType = sourcecode.swift; path = LoginService.swift; sourceTree = "<group>"; };
		A19F1BDE246FD1BA003FCEE7 /* SignupService.swift */ = {isa = PBXFileReference; lastKnownFileType = sourcecode.swift; path = SignupService.swift; sourceTree = "<group>"; };
		F403D685A9D393FC5EF2FD4E /* Pods-SOPT_Assignment.debug.xcconfig */ = {isa = PBXFileReference; includeInIndex = 1; lastKnownFileType = text.xcconfig; name = "Pods-SOPT_Assignment.debug.xcconfig"; path = "Target Support Files/Pods-SOPT_Assignment/Pods-SOPT_Assignment.debug.xcconfig"; sourceTree = "<group>"; };
/* End PBXFileReference section */

/* Begin PBXFrameworksBuildPhase section */
		A15D9558244AE64C0039335E /* Frameworks */ = {
			isa = PBXFrameworksBuildPhase;
			buildActionMask = 2147483647;
			files = (
				B0C9FFCB730E83AF7572C545 /* Pods_SOPT_Assignment.framework in Frameworks */,
			);
			runOnlyForDeploymentPostprocessing = 0;
		};
/* End PBXFrameworksBuildPhase section */

/* Begin PBXGroup section */
		09C3A27DE3D69314013B0DA3 /* Frameworks */ = {
			isa = PBXGroup;
			children = (
				5A4956902DEF86CB4D9035E2 /* Pods_SOPT_Assignment.framework */,
			);
			name = Frameworks;
			sourceTree = "<group>";
		};
		906E39E8D68F0A2948272D4F /* Pods */ = {
			isa = PBXGroup;
			children = (
				F403D685A9D393FC5EF2FD4E /* Pods-SOPT_Assignment.debug.xcconfig */,
				00A794CB58D0205EC4B9BE99 /* Pods-SOPT_Assignment.release.xcconfig */,
			);
			path = Pods;
			sourceTree = "<group>";
		};
		A15D9552244AE64C0039335E = {
			isa = PBXGroup;
			children = (
				A15D955D244AE64C0039335E /* SOPT_Assignment */,
				A15D955C244AE64C0039335E /* Products */,
				906E39E8D68F0A2948272D4F /* Pods */,
				09C3A27DE3D69314013B0DA3 /* Frameworks */,
			);
			sourceTree = "<group>";
		};
		A15D955C244AE64C0039335E /* Products */ = {
			isa = PBXGroup;
			children = (
				A15D955B244AE64C0039335E /* SOPT_Assignment.app */,
			);
			name = Products;
			sourceTree = "<group>";
		};
		A15D955D244AE64C0039335E /* SOPT_Assignment */ = {
			isa = PBXGroup;
			children = (
				A15F73E1246E5BE60022C3CC /* Resources */,
				A15F73E2246E5BF80022C3CC /* Sources */,
				A15D955E244AE64C0039335E /* AppDelegate.swift */,
				A15D9560244AE64C0039335E /* SceneDelegate.swift */,
				A15D956C244AE64D0039335E /* Info.plist */,
			);
			path = SOPT_Assignment;
			sourceTree = "<group>";
		};
		A15F73E1246E5BE60022C3CC /* Resources */ = {
			isa = PBXGroup;
			children = (
				A19F1BD7246FBD7E003FCEE7 /* APIServices */,
				A15D9567244AE64D0039335E /* Assets.xcassets */,
				A1DE8271246FACE900060307 /* Storyboards */,
			);
			path = Resources;
			sourceTree = "<group>";
		};
		A15F73E2246E5BF80022C3CC /* Sources */ = {
			isa = PBXGroup;
			children = (
				A15F73E4246E5C3F0022C3CC /* Viewcontrollers */,
				A15F73E5246E5C4B0022C3CC /* Cell */,
				A15F73E3246E5C330022C3CC /* Model */,
				A15F73E6246E5C730022C3CC /* Extensions */,
			);
			path = Sources;
			sourceTree = "<group>";
		};
		A15F73E3246E5C330022C3CC /* Model */ = {
			isa = PBXGroup;
			children = (
				A15F73DD246E5B3E0022C3CC /* Friends.swift */,
				A15F73DF246E5BA70022C3CC /* MyProfile.swift */,
			);
			path = Model;
			sourceTree = "<group>";
		};
		A15F73E4246E5C3F0022C3CC /* Viewcontrollers */ = {
			isa = PBXGroup;
			children = (
				A15D9562244AE64C0039335E /* ViewController.swift */,
				A15D9572244AF21F0039335E /* LoginViewController.swift */,
				A15D9574244B06AF0039335E /* ApplyViewController.swift */,
				A161227A245BB6F6001D2C9F /* OursoptViewController.swift */,
				A15F73D7246E53670022C3CC /* FriendViewController.swift */,
			);
			path = Viewcontrollers;
			sourceTree = "<group>";
		};
		A15F73E5246E5C4B0022C3CC /* Cell */ = {
			isa = PBXGroup;
			children = (
				A15F73D9246E59CD0022C3CC /* MyProfileCell.swift */,
				A15F73DB246E59E80022C3CC /* FriendProfileCell.swift */,
				A15F73E7246E66A20022C3CC /* TopViewCell.swift */,
			);
			path = Cell;
			sourceTree = "<group>";
		};
		A15F73E6246E5C730022C3CC /* Extensions */ = {
			isa = PBXGroup;
			children = (
				A1855C15245068DC0027F0EB /* CustomButton.swift */,
			);
			path = Extensions;
			sourceTree = "<group>";
		};
		A19F1BD7246FBD7E003FCEE7 /* APIServices */ = {
			isa = PBXGroup;
			children = (
				A19F1BD3246FBC7B003FCEE7 /* APIConstants.swift */,
				A19F1BD5246FBD13003FCEE7 /* SigninData.swift */,
				A19F1BD8246FBDDD003FCEE7 /* NetworkResult.swift */,
				A19F1BDA246FBE91003FCEE7 /* LoginService.swift */,
				A19F1BDE246FD1BA003FCEE7 /* SignupService.swift */,
				A11DFB56247664F700DD045B /* SiginupData.swift */,
			);
			path = APIServices;
			sourceTree = "<group>";
		};
		A1DE8271246FACE900060307 /* Storyboards */ = {
			isa = PBXGroup;
			children = (
				A15D9564244AE64C0039335E /* Main.storyboard */,
				A15D9569244AE64D0039335E /* LaunchScreen.storyboard */,
			);
			path = Storyboards;
			sourceTree = "<group>";
		};
/* End PBXGroup section */

/* Begin PBXNativeTarget section */
		A15D955A244AE64C0039335E /* SOPT_Assignment */ = {
			isa = PBXNativeTarget;
			buildConfigurationList = A15D956F244AE64D0039335E /* Build configuration list for PBXNativeTarget "SOPT_Assignment" */;
			buildPhases = (
				FFF91A3140A93E0480D6E49F /* [CP] Check Pods Manifest.lock */,
				A15D9557244AE64C0039335E /* Sources */,
				A15D9558244AE64C0039335E /* Frameworks */,
				A15D9559244AE64C0039335E /* Resources */,
				1A84CCED60293E4F2275358D /* [CP] Embed Pods Frameworks */,
			);
			buildRules = (
			);
			dependencies = (
			);
			name = SOPT_Assignment;
			productName = SOPT_Assignment;
			productReference = A15D955B244AE64C0039335E /* SOPT_Assignment.app */;
			productType = "com.apple.product-type.application";
		};
/* End PBXNativeTarget section */

/* Begin PBXProject section */
		A15D9553244AE64C0039335E /* Project object */ = {
			isa = PBXProject;
			attributes = {
				LastSwiftUpdateCheck = 1140;
				LastUpgradeCheck = 1140;
				ORGANIZATIONNAME = hjyoo;
				TargetAttributes = {
					A15D955A244AE64C0039335E = {
						CreatedOnToolsVersion = 11.4.1;
					};
				};
			};
			buildConfigurationList = A15D9556244AE64C0039335E /* Build configuration list for PBXProject "SOPT_Assignment" */;
			compatibilityVersion = "Xcode 9.3";
			developmentRegion = en;
			hasScannedForEncodings = 0;
			knownRegions = (
				en,
				Base,
			);
			mainGroup = A15D9552244AE64C0039335E;
			productRefGroup = A15D955C244AE64C0039335E /* Products */;
			projectDirPath = "";
			projectRoot = "";
			targets = (
				A15D955A244AE64C0039335E /* SOPT_Assignment */,
			);
		};
/* End PBXProject section */

/* Begin PBXResourcesBuildPhase section */
		A15D9559244AE64C0039335E /* Resources */ = {
			isa = PBXResourcesBuildPhase;
			buildActionMask = 2147483647;
			files = (
				A15D956B244AE64D0039335E /* LaunchScreen.storyboard in Resources */,
				A15D9568244AE64D0039335E /* Assets.xcassets in Resources */,
				A15D9566244AE64C0039335E /* Main.storyboard in Resources */,
			);
			runOnlyForDeploymentPostprocessing = 0;
		};
/* End PBXResourcesBuildPhase section */

/* Begin PBXShellScriptBuildPhase section */
		1A84CCED60293E4F2275358D /* [CP] Embed Pods Frameworks */ = {
			isa = PBXShellScriptBuildPhase;
			buildActionMask = 2147483647;
			files = (
			);
			inputFileListPaths = (
				"${PODS_ROOT}/Target Support Files/Pods-SOPT_Assignment/Pods-SOPT_Assignment-frameworks-${CONFIGURATION}-input-files.xcfilelist",
			);
			name = "[CP] Embed Pods Frameworks";
			outputFileListPaths = (
				"${PODS_ROOT}/Target Support Files/Pods-SOPT_Assignment/Pods-SOPT_Assignment-frameworks-${CONFIGURATION}-output-files.xcfilelist",
			);
			runOnlyForDeploymentPostprocessing = 0;
			shellPath = /bin/sh;
			shellScript = "\"${PODS_ROOT}/Target Support Files/Pods-SOPT_Assignment/Pods-SOPT_Assignment-frameworks.sh\"\n";
			showEnvVarsInLog = 0;
		};
		FFF91A3140A93E0480D6E49F /* [CP] Check Pods Manifest.lock */ = {
			isa = PBXShellScriptBuildPhase;
			buildActionMask = 2147483647;
			files = (
			);
			inputFileListPaths = (
			);
			inputPaths = (
				"${PODS_PODFILE_DIR_PATH}/Podfile.lock",
				"${PODS_ROOT}/Manifest.lock",
			);
			name = "[CP] Check Pods Manifest.lock";
			outputFileListPaths = (
			);
			outputPaths = (
				"$(DERIVED_FILE_DIR)/Pods-SOPT_Assignment-checkManifestLockResult.txt",
			);
			runOnlyForDeploymentPostprocessing = 0;
			shellPath = /bin/sh;
			shellScript = "diff \"${PODS_PODFILE_DIR_PATH}/Podfile.lock\" \"${PODS_ROOT}/Manifest.lock\" > /dev/null\nif [ $? != 0 ] ; then\n    # print error to STDERR\n    echo \"error: The sandbox is not in sync with the Podfile.lock. Run 'pod install' or update your CocoaPods installation.\" >&2\n    exit 1\nfi\n# This output is used by Xcode 'outputs' to avoid re-running this script phase.\necho \"SUCCESS\" > \"${SCRIPT_OUTPUT_FILE_0}\"\n";
			showEnvVarsInLog = 0;
		};
/* End PBXShellScriptBuildPhase section */

/* Begin PBXSourcesBuildPhase section */
		A15D9557244AE64C0039335E /* Sources */ = {
			isa = PBXSourcesBuildPhase;
			buildActionMask = 2147483647;
			files = (
				A19F1BDB246FBE91003FCEE7 /* LoginService.swift in Sources */,
				A15F73DA246E59CD0022C3CC /* MyProfileCell.swift in Sources */,
				A15F73E0246E5BA70022C3CC /* MyProfile.swift in Sources */,
				A19F1BDF246FD1BA003FCEE7 /* SignupService.swift in Sources */,
				A15D9573244AF21F0039335E /* LoginViewController.swift in Sources */,
				A15D9563244AE64C0039335E /* ViewController.swift in Sources */,
				A15F73DE246E5B3E0022C3CC /* Friends.swift in Sources */,
				A19F1BD6246FBD13003FCEE7 /* SigninData.swift in Sources */,
				A15F73DC246E59E80022C3CC /* FriendProfileCell.swift in Sources */,
				A19F1BD9246FBDDD003FCEE7 /* NetworkResult.swift in Sources */,
				A11DFB57247664F700DD045B /* SiginupData.swift in Sources */,
				A15F73E8246E66A20022C3CC /* TopViewCell.swift in Sources */,
				A1855C16245068DC0027F0EB /* CustomButton.swift in Sources */,
				A19F1BD4246FBC7B003FCEE7 /* APIConstants.swift in Sources */,
				A15D9575244B06AF0039335E /* ApplyViewController.swift in Sources */,
				A15F73D8246E53670022C3CC /* FriendViewController.swift in Sources */,
				A15D955F244AE64C0039335E /* AppDelegate.swift in Sources */,
				A15D9561244AE64C0039335E /* SceneDelegate.swift in Sources */,
				A161227B245BB6F6001D2C9F /* OursoptViewController.swift in Sources */,
			);
			runOnlyForDeploymentPostprocessing = 0;
		};
/* End PBXSourcesBuildPhase section */

/* Begin PBXVariantGroup section */
		A15D9564244AE64C0039335E /* Main.storyboard */ = {
			isa = PBXVariantGroup;
			children = (
				A15D9565244AE64C0039335E /* Base */,
			);
			name = Main.storyboard;
			sourceTree = "<group>";
		};
		A15D9569244AE64D0039335E /* LaunchScreen.storyboard */ = {
			isa = PBXVariantGroup;
			children = (
				A15D956A244AE64D0039335E /* Base */,
			);
			name = LaunchScreen.storyboard;
			sourceTree = "<group>";
		};
/* End PBXVariantGroup section */

/* Begin XCBuildConfiguration section */
		A15D956D244AE64D0039335E /* Debug */ = {
			isa = XCBuildConfiguration;
			buildSettings = {
				ALWAYS_SEARCH_USER_PATHS = NO;
				CLANG_ANALYZER_NONNULL = YES;
				CLANG_ANALYZER_NUMBER_OBJECT_CONVERSION = YES_AGGRESSIVE;
				CLANG_CXX_LANGUAGE_STANDARD = "gnu++14";
				CLANG_CXX_LIBRARY = "libc++";
				CLANG_ENABLE_MODULES = YES;
				CLANG_ENABLE_OBJC_ARC = YES;
				CLANG_ENABLE_OBJC_WEAK = YES;
				CLANG_WARN_BLOCK_CAPTURE_AUTORELEASING = YES;
				CLANG_WARN_BOOL_CONVERSION = YES;
				CLANG_WARN_COMMA = YES;
				CLANG_WARN_CONSTANT_CONVERSION = YES;
				CLANG_WARN_DEPRECATED_OBJC_IMPLEMENTATIONS = YES;
				CLANG_WARN_DIRECT_OBJC_ISA_USAGE = YES_ERROR;
				CLANG_WARN_DOCUMENTATION_COMMENTS = YES;
				CLANG_WARN_EMPTY_BODY = YES;
				CLANG_WARN_ENUM_CONVERSION = YES;
				CLANG_WARN_INFINITE_RECURSION = YES;
				CLANG_WARN_INT_CONVERSION = YES;
				CLANG_WARN_NON_LITERAL_NULL_CONVERSION = YES;
				CLANG_WARN_OBJC_IMPLICIT_RETAIN_SELF = YES;
				CLANG_WARN_OBJC_LITERAL_CONVERSION = YES;
				CLANG_WARN_OBJC_ROOT_CLASS = YES_ERROR;
				CLANG_WARN_RANGE_LOOP_ANALYSIS = YES;
				CLANG_WARN_STRICT_PROTOTYPES = YES;
				CLANG_WARN_SUSPICIOUS_MOVE = YES;
				CLANG_WARN_UNGUARDED_AVAILABILITY = YES_AGGRESSIVE;
				CLANG_WARN_UNREACHABLE_CODE = YES;
				CLANG_WARN__DUPLICATE_METHOD_MATCH = YES;
				COPY_PHASE_STRIP = NO;
				DEBUG_INFORMATION_FORMAT = dwarf;
				ENABLE_STRICT_OBJC_MSGSEND = YES;
				ENABLE_TESTABILITY = YES;
				GCC_C_LANGUAGE_STANDARD = gnu11;
				GCC_DYNAMIC_NO_PIC = NO;
				GCC_NO_COMMON_BLOCKS = YES;
				GCC_OPTIMIZATION_LEVEL = 0;
				GCC_PREPROCESSOR_DEFINITIONS = (
					"DEBUG=1",
					"$(inherited)",
				);
				GCC_WARN_64_TO_32_BIT_CONVERSION = YES;
				GCC_WARN_ABOUT_RETURN_TYPE = YES_ERROR;
				GCC_WARN_UNDECLARED_SELECTOR = YES;
				GCC_WARN_UNINITIALIZED_AUTOS = YES_AGGRESSIVE;
				GCC_WARN_UNUSED_FUNCTION = YES;
				GCC_WARN_UNUSED_VARIABLE = YES;
				IPHONEOS_DEPLOYMENT_TARGET = 13.4;
				MTL_ENABLE_DEBUG_INFO = INCLUDE_SOURCE;
				MTL_FAST_MATH = YES;
				ONLY_ACTIVE_ARCH = YES;
				SDKROOT = iphoneos;
				SWIFT_ACTIVE_COMPILATION_CONDITIONS = DEBUG;
				SWIFT_OPTIMIZATION_LEVEL = "-Onone";
			};
			name = Debug;
		};
		A15D956E244AE64D0039335E /* Release */ = {
			isa = XCBuildConfiguration;
			buildSettings = {
				ALWAYS_SEARCH_USER_PATHS = NO;
				CLANG_ANALYZER_NONNULL = YES;
				CLANG_ANALYZER_NUMBER_OBJECT_CONVERSION = YES_AGGRESSIVE;
				CLANG_CXX_LANGUAGE_STANDARD = "gnu++14";
				CLANG_CXX_LIBRARY = "libc++";
				CLANG_ENABLE_MODULES = YES;
				CLANG_ENABLE_OBJC_ARC = YES;
				CLANG_ENABLE_OBJC_WEAK = YES;
				CLANG_WARN_BLOCK_CAPTURE_AUTORELEASING = YES;
				CLANG_WARN_BOOL_CONVERSION = YES;
				CLANG_WARN_COMMA = YES;
				CLANG_WARN_CONSTANT_CONVERSION = YES;
				CLANG_WARN_DEPRECATED_OBJC_IMPLEMENTATIONS = YES;
				CLANG_WARN_DIRECT_OBJC_ISA_USAGE = YES_ERROR;
				CLANG_WARN_DOCUMENTATION_COMMENTS = YES;
				CLANG_WARN_EMPTY_BODY = YES;
				CLANG_WARN_ENUM_CONVERSION = YES;
				CLANG_WARN_INFINITE_RECURSION = YES;
				CLANG_WARN_INT_CONVERSION = YES;
				CLANG_WARN_NON_LITERAL_NULL_CONVERSION = YES;
				CLANG_WARN_OBJC_IMPLICIT_RETAIN_SELF = YES;
				CLANG_WARN_OBJC_LITERAL_CONVERSION = YES;
				CLANG_WARN_OBJC_ROOT_CLASS = YES_ERROR;
				CLANG_WARN_RANGE_LOOP_ANALYSIS = YES;
				CLANG_WARN_STRICT_PROTOTYPES = YES;
				CLANG_WARN_SUSPICIOUS_MOVE = YES;
				CLANG_WARN_UNGUARDED_AVAILABILITY = YES_AGGRESSIVE;
				CLANG_WARN_UNREACHABLE_CODE = YES;
				CLANG_WARN__DUPLICATE_METHOD_MATCH = YES;
				COPY_PHASE_STRIP = NO;
				DEBUG_INFORMATION_FORMAT = "dwarf-with-dsym";
				ENABLE_NS_ASSERTIONS = NO;
				ENABLE_STRICT_OBJC_MSGSEND = YES;
				GCC_C_LANGUAGE_STANDARD = gnu11;
				GCC_NO_COMMON_BLOCKS = YES;
				GCC_WARN_64_TO_32_BIT_CONVERSION = YES;
				GCC_WARN_ABOUT_RETURN_TYPE = YES_ERROR;
				GCC_WARN_UNDECLARED_SELECTOR = YES;
				GCC_WARN_UNINITIALIZED_AUTOS = YES_AGGRESSIVE;
				GCC_WARN_UNUSED_FUNCTION = YES;
				GCC_WARN_UNUSED_VARIABLE = YES;
				IPHONEOS_DEPLOYMENT_TARGET = 13.4;
				MTL_ENABLE_DEBUG_INFO = NO;
				MTL_FAST_MATH = YES;
				SDKROOT = iphoneos;
				SWIFT_COMPILATION_MODE = wholemodule;
				SWIFT_OPTIMIZATION_LEVEL = "-O";
				VALIDATE_PRODUCT = YES;
			};
			name = Release;
		};
		A15D9570244AE64D0039335E /* Debug */ = {
			isa = XCBuildConfiguration;
			baseConfigurationReference = F403D685A9D393FC5EF2FD4E /* Pods-SOPT_Assignment.debug.xcconfig */;
			buildSettings = {
				ASSETCATALOG_COMPILER_APPICON_NAME = AppIcon;
				CODE_SIGN_STYLE = Automatic;
				DEVELOPMENT_TEAM = A949BF6MVG;
				INFOPLIST_FILE = SOPT_Assignment/Info.plist;
				LD_RUNPATH_SEARCH_PATHS = (
					"$(inherited)",
					"@executable_path/Frameworks",
				);
				PRODUCT_BUNDLE_IDENTIFIER = "hjyoo.SOPT-Assignment";
				PRODUCT_NAME = "$(TARGET_NAME)";
				SWIFT_VERSION = 5.0;
				TARGETED_DEVICE_FAMILY = "1,2";
			};
			name = Debug;
		};
		A15D9571244AE64D0039335E /* Release */ = {
			isa = XCBuildConfiguration;
			baseConfigurationReference = 00A794CB58D0205EC4B9BE99 /* Pods-SOPT_Assignment.release.xcconfig */;
			buildSettings = {
				ASSETCATALOG_COMPILER_APPICON_NAME = AppIcon;
				CODE_SIGN_STYLE = Automatic;
				DEVELOPMENT_TEAM = A949BF6MVG;
				INFOPLIST_FILE = SOPT_Assignment/Info.plist;
				LD_RUNPATH_SEARCH_PATHS = (
					"$(inherited)",
					"@executable_path/Frameworks",
				);
				PRODUCT_BUNDLE_IDENTIFIER = "hjyoo.SOPT-Assignment";
				PRODUCT_NAME = "$(TARGET_NAME)";
				SWIFT_VERSION = 5.0;
				TARGETED_DEVICE_FAMILY = "1,2";
			};
			name = Release;
		};
/* End XCBuildConfiguration section */

/* Begin XCConfigurationList section */
		A15D9556244AE64C0039335E /* Build configuration list for PBXProject "SOPT_Assignment" */ = {
			isa = XCConfigurationList;
			buildConfigurations = (
				A15D956D244AE64D0039335E /* Debug */,
				A15D956E244AE64D0039335E /* Release */,
			);
			defaultConfigurationIsVisible = 0;
			defaultConfigurationName = Release;
		};
		A15D956F244AE64D0039335E /* Build configuration list for PBXNativeTarget "SOPT_Assignment" */ = {
			isa = XCConfigurationList;
			buildConfigurations = (
				A15D9570244AE64D0039335E /* Debug */,
				A15D9571244AE64D0039335E /* Release */,
			);
			defaultConfigurationIsVisible = 0;
			defaultConfigurationName = Release;
		};
/* End XCConfigurationList section */
	};
	rootObject = A15D9553244AE64C0039335E /* Project object */;
}
